// !$*UTF8*$!
{
	archiveVersion = 1;
	classes = {
	};
	objectVersion = 50;
	objects = {

/* Begin PBXBuildFile section */
		A70C517649E4E11B0364CAAA /* Pods_Todoey.framework in Frameworks */ = {isa = PBXBuildFile; fileRef = 90146CD8D9AD08276580DA6B /* Pods_Todoey.framework */; };
		FA7A806A20F63527003AE76A /* SwipeTableViewController.swift in Sources */ = {isa = PBXBuildFile; fileRef = FA7A806920F63527003AE76A /* SwipeTableViewController.swift */; };
		FA9C9BF620EEF3BD001AFD2B /* CategoryViewCoTableViewController.swift in Sources */ = {isa = PBXBuildFile; fileRef = FA9C9BF520EEF3BD001AFD2B /* CategoryViewCoTableViewController.swift */; };
		FA9C9BFA20F04E3E001AFD2B /* Item.swift in Sources */ = {isa = PBXBuildFile; fileRef = FA9C9BF920F04E3E001AFD2B /* Item.swift */; };
		FA9C9BFC20F04E58001AFD2B /* Category.swift in Sources */ = {isa = PBXBuildFile; fileRef = FA9C9BFB20F04E58001AFD2B /* Category.swift */; };
		FAC93FAA20E7CF0E00810FDC /* AppDelegate.swift in Sources */ = {isa = PBXBuildFile; fileRef = FAC93FA920E7CF0E00810FDC /* AppDelegate.swift */; };
		FAC93FAC20E7CF0E00810FDC /* ToDoListViewController.swift in Sources */ = {isa = PBXBuildFile; fileRef = FAC93FAB20E7CF0E00810FDC /* ToDoListViewController.swift */; };
		FAC93FAF20E7CF0E00810FDC /* Main.storyboard in Resources */ = {isa = PBXBuildFile; fileRef = FAC93FAD20E7CF0E00810FDC /* Main.storyboard */; };
		FAC93FB120E7CF1400810FDC /* Assets.xcassets in Resources */ = {isa = PBXBuildFile; fileRef = FAC93FB020E7CF1400810FDC /* Assets.xcassets */; };
		FAC93FB420E7CF1400810FDC /* LaunchScreen.storyboard in Resources */ = {isa = PBXBuildFile; fileRef = FAC93FB220E7CF1400810FDC /* LaunchScreen.storyboard */; };
/* End PBXBuildFile section */

/* Begin PBXFileReference section */
		8C7050EE5011E3F69AAB3857 /* Pods-Todoey.debug.xcconfig */ = {isa = PBXFileReference; includeInIndex = 1; lastKnownFileType = text.xcconfig; name = "Pods-Todoey.debug.xcconfig"; path = "Pods/Target Support Files/Pods-Todoey/Pods-Todoey.debug.xcconfig"; sourceTree = "<group>"; };
		90146CD8D9AD08276580DA6B /* Pods_Todoey.framework */ = {isa = PBXFileReference; explicitFileType = wrapper.framework; includeInIndex = 0; path = Pods_Todoey.framework; sourceTree = BUILT_PRODUCTS_DIR; };
		C4859B22E24C2FE1154DCECC /* Pods-Todoey.release.xcconfig */ = {isa = PBXFileReference; includeInIndex = 1; lastKnownFileType = text.xcconfig; name = "Pods-Todoey.release.xcconfig"; path = "Pods/Target Support Files/Pods-Todoey/Pods-Todoey.release.xcconfig"; sourceTree = "<group>"; };
		FA7A806920F63527003AE76A /* SwipeTableViewController.swift */ = {isa = PBXFileReference; lastKnownFileType = sourcecode.swift; path = SwipeTableViewController.swift; sourceTree = "<group>"; };
		FA9C9BF520EEF3BD001AFD2B /* CategoryViewCoTableViewController.swift */ = {isa = PBXFileReference; lastKnownFileType = sourcecode.swift; path = CategoryViewCoTableViewController.swift; sourceTree = "<group>"; };
		FA9C9BF920F04E3E001AFD2B /* Item.swift */ = {isa = PBXFileReference; lastKnownFileType = sourcecode.swift; path = Item.swift; sourceTree = "<group>"; };
		FA9C9BFB20F04E58001AFD2B /* Category.swift */ = {isa = PBXFileReference; lastKnownFileType = sourcecode.swift; path = Category.swift; sourceTree = "<group>"; };
		FAC93FA620E7CF0E00810FDC /* Todoey.app */ = {isa = PBXFileReference; explicitFileType = wrapper.application; includeInIndex = 0; path = Todoey.app; sourceTree = BUILT_PRODUCTS_DIR; };
		FAC93FA920E7CF0E00810FDC /* AppDelegate.swift */ = {isa = PBXFileReference; lastKnownFileType = sourcecode.swift; path = AppDelegate.swift; sourceTree = "<group>"; };
		FAC93FAB20E7CF0E00810FDC /* ToDoListViewController.swift */ = {isa = PBXFileReference; lastKnownFileType = sourcecode.swift; path = ToDoListViewController.swift; sourceTree = "<group>"; };
		FAC93FAE20E7CF0E00810FDC /* Base */ = {isa = PBXFileReference; lastKnownFileType = file.storyboard; name = Base; path = Base.lproj/Main.storyboard; sourceTree = "<group>"; };
		FAC93FB020E7CF1400810FDC /* Assets.xcassets */ = {isa = PBXFileReference; lastKnownFileType = folder.assetcatalog; path = Assets.xcassets; sourceTree = "<group>"; };
		FAC93FB320E7CF1400810FDC /* Base */ = {isa = PBXFileReference; lastKnownFileType = file.storyboard; name = Base; path = Base.lproj/LaunchScreen.storyboard; sourceTree = "<group>"; };
		FAC93FB520E7CF1400810FDC /* Info.plist */ = {isa = PBXFileReference; lastKnownFileType = text.plist.xml; path = Info.plist; sourceTree = "<group>"; };
/* End PBXFileReference section */

/* Begin PBXFrameworksBuildPhase section */
		FAC93FA320E7CF0E00810FDC /* Frameworks */ = {
			isa = PBXFrameworksBuildPhase;
			buildActionMask = 2147483647;
			files = (
				A70C517649E4E11B0364CAAA /* Pods_Todoey.framework in Frameworks */,
			);
			runOnlyForDeploymentPostprocessing = 0;
		};
/* End PBXFrameworksBuildPhase section */

/* Begin PBXGroup section */
		1497E97BDB74D674E0E5B6D1 /* Pods */ = {
			isa = PBXGroup;
			children = (
				8C7050EE5011E3F69AAB3857 /* Pods-Todoey.debug.xcconfig */,
				C4859B22E24C2FE1154DCECC /* Pods-Todoey.release.xcconfig */,
			);
			name = Pods;
			sourceTree = "<group>";
		};
		89115C68C231FD2A7AFBCEE5 /* Frameworks */ = {
			isa = PBXGroup;
			children = (
				90146CD8D9AD08276580DA6B /* Pods_Todoey.framework */,
			);
			name = Frameworks;
			sourceTree = "<group>";
		};
		FA9C9BAB20EA5F35001AFD2B /* Data Model */ = {
			isa = PBXGroup;
			children = (
				FA9C9BFB20F04E58001AFD2B /* Category.swift */,
				FA9C9BF920F04E3E001AFD2B /* Item.swift */,
			);
			path = "Data Model";
			sourceTree = "<group>";
		};
		FA9C9BAD20EA5F6B001AFD2B /* Controller */ = {
			isa = PBXGroup;
			children = (
				FA9C9BF520EEF3BD001AFD2B /* CategoryViewCoTableViewController.swift */,
				FAC93FAB20E7CF0E00810FDC /* ToDoListViewController.swift */,
				FA7A806920F63527003AE76A /* SwipeTableViewController.swift */,
			);
			path = Controller;
			sourceTree = "<group>";
		};
		FA9C9BAE20EA5F78001AFD2B /* View */ = {
			isa = PBXGroup;
			children = (
				FAC93FAD20E7CF0E00810FDC /* Main.storyboard */,
			);
			path = View;
			sourceTree = "<group>";
		};
		FA9C9BAF20EA5F91001AFD2B /* Supporting file */ = {
			isa = PBXGroup;
			children = (
				FAC93FB020E7CF1400810FDC /* Assets.xcassets */,
				FAC93FB220E7CF1400810FDC /* LaunchScreen.storyboard */,
			);
			path = "Supporting file";
			sourceTree = "<group>";
		};
		FAC93F9D20E7CF0E00810FDC = {
			isa = PBXGroup;
			children = (
				FAC93FA820E7CF0E00810FDC /* Todoey */,
				FAC93FA720E7CF0E00810FDC /* Products */,
				1497E97BDB74D674E0E5B6D1 /* Pods */,
				89115C68C231FD2A7AFBCEE5 /* Frameworks */,
			);
			sourceTree = "<group>";
		};
		FAC93FA720E7CF0E00810FDC /* Products */ = {
			isa = PBXGroup;
			children = (
				FAC93FA620E7CF0E00810FDC /* Todoey.app */,
			);
			name = Products;
			sourceTree = "<group>";
		};
		FAC93FA820E7CF0E00810FDC /* Todoey */ = {
			isa = PBXGroup;
			children = (
				FAC93FA920E7CF0E00810FDC /* AppDelegate.swift */,
				FA9C9BAD20EA5F6B001AFD2B /* Controller */,
				FA9C9BAB20EA5F35001AFD2B /* Data Model */,
				FA9C9BAE20EA5F78001AFD2B /* View */,
				FA9C9BAF20EA5F91001AFD2B /* Supporting file */,
				FAC93FB520E7CF1400810FDC /* Info.plist */,
			);
			path = Todoey;
			sourceTree = "<group>";
		};
/* End PBXGroup section */

/* Begin PBXNativeTarget section */
		FAC93FA520E7CF0E00810FDC /* Todoey */ = {
			isa = PBXNativeTarget;
			buildConfigurationList = FAC93FB820E7CF1400810FDC /* Build configuration list for PBXNativeTarget "Todoey" */;
			buildPhases = (
				8C6BABD5E58E72F0253B5C98 /* [CP] Check Pods Manifest.lock */,
				FAC93FA220E7CF0E00810FDC /* Sources */,
				FAC93FA320E7CF0E00810FDC /* Frameworks */,
				FAC93FA420E7CF0E00810FDC /* Resources */,
				50CA250A1EECE0E1C34B1BC6 /* [CP] Embed Pods Frameworks */,
			);
			buildRules = (
			);
			dependencies = (
			);
			name = Todoey;
			productName = Todoey;
			productReference = FAC93FA620E7CF0E00810FDC /* Todoey.app */;
			productType = "com.apple.product-type.application";
		};
/* End PBXNativeTarget section */

/* Begin PBXProject section */
		FAC93F9E20E7CF0E00810FDC /* Project object */ = {
			isa = PBXProject;
			attributes = {
				LastSwiftUpdateCheck = 0940;
				LastUpgradeCheck = 0940;
				ORGANIZATIONNAME = "Brian Truong";
				TargetAttributes = {
					FAC93FA520E7CF0E00810FDC = {
						CreatedOnToolsVersion = 9.4;
					};
				};
			};
			buildConfigurationList = FAC93FA120E7CF0E00810FDC /* Build configuration list for PBXProject "Todoey" */;
			compatibilityVersion = "Xcode 9.3";
			developmentRegion = en;
			hasScannedForEncodings = 0;
			knownRegions = (
				en,
				Base,
			);
			mainGroup = FAC93F9D20E7CF0E00810FDC;
			productRefGroup = FAC93FA720E7CF0E00810FDC /* Products */;
			projectDirPath = "";
			projectRoot = "";
			targets = (
				FAC93FA520E7CF0E00810FDC /* Todoey */,
			);
		};
/* End PBXProject section */

/* Begin PBXResourcesBuildPhase section */
		FAC93FA420E7CF0E00810FDC /* Resources */ = {
			isa = PBXResourcesBuildPhase;
			buildActionMask = 2147483647;
			files = (
				FAC93FB420E7CF1400810FDC /* LaunchScreen.storyboard in Resources */,
				FAC93FB120E7CF1400810FDC /* Assets.xcassets in Resources */,
				FAC93FAF20E7CF0E00810FDC /* Main.storyboard in Resources */,
			);
			runOnlyForDeploymentPostprocessing = 0;
		};
/* End PBXResourcesBuildPhase section */

/* Begin PBXShellScriptBuildPhase section */
		50CA250A1EECE0E1C34B1BC6 /* [CP] Embed Pods Frameworks */ = {
			isa = PBXShellScriptBuildPhase;
			buildActionMask = 2147483647;
			files = (
			);
			inputPaths = (
				"${SRCROOT}/Pods/Target Support Files/Pods-Todoey/Pods-Todoey-frameworks.sh",
				"${BUILT_PRODUCTS_DIR}/ChameleonFramework/ChameleonFramework.framework",
				"${BUILT_PRODUCTS_DIR}/Realm/Realm.framework",
				"${BUILT_PRODUCTS_DIR}/RealmSwift/RealmSwift.framework",
				"${BUILT_PRODUCTS_DIR}/SwipeCellKit/SwipeCellKit.framework",
			);
			name = "[CP] Embed Pods Frameworks";
			outputPaths = (
				"${TARGET_BUILD_DIR}/${FRAMEWORKS_FOLDER_PATH}/ChameleonFramework.framework",
				"${TARGET_BUILD_DIR}/${FRAMEWORKS_FOLDER_PATH}/Realm.framework",
				"${TARGET_BUILD_DIR}/${FRAMEWORKS_FOLDER_PATH}/RealmSwift.framework",
				"${TARGET_BUILD_DIR}/${FRAMEWORKS_FOLDER_PATH}/SwipeCellKit.framework",
			);
			runOnlyForDeploymentPostprocessing = 0;
			shellPath = /bin/sh;
			shellScript = "\"${SRCROOT}/Pods/Target Support Files/Pods-Todoey/Pods-Todoey-frameworks.sh\"\n";
			showEnvVarsInLog = 0;
		};
		8C6BABD5E58E72F0253B5C98 /* [CP] Check Pods Manifest.lock */ = {
			isa = PBXShellScriptBuildPhase;
			buildActionMask = 2147483647;
			files = (
			);
			inputPaths = (
				"${PODS_PODFILE_DIR_PATH}/Podfile.lock",
				"${PODS_ROOT}/Manifest.lock",
			);
			name = "[CP] Check Pods Manifest.lock";
			outputPaths = (
				"$(DERIVED_FILE_DIR)/Pods-Todoey-checkManifestLockResult.txt",
			);
			runOnlyForDeploymentPostprocessing = 0;
			shellPath = /bin/sh;
			shellScript = "diff \"${PODS_PODFILE_DIR_PATH}/Podfile.lock\" \"${PODS_ROOT}/Manifest.lock\" > /dev/null\nif [ $? != 0 ] ; then\n    # print error to STDERR\n    echo \"error: The sandbox is not in sync with the Podfile.lock. Run 'pod install' or update your CocoaPods installation.\" >&2\n    exit 1\nfi\n# This output is used by Xcode 'outputs' to avoid re-running this script phase.\necho \"SUCCESS\" > \"${SCRIPT_OUTPUT_FILE_0}\"\n";
			showEnvVarsInLog = 0;
		};
/* End PBXShellScriptBuildPhase section */

/* Begin PBXSourcesBuildPhase section */
		FAC93FA220E7CF0E00810FDC /* Sources */ = {
			isa = PBXSourcesBuildPhase;
			buildActionMask = 2147483647;
			files = (
				FA9C9BF620EEF3BD001AFD2B /* CategoryViewCoTableViewController.swift in Sources */,
				FAC93FAC20E7CF0E00810FDC /* ToDoListViewController.swift in Sources */,
				FA9C9BFA20F04E3E001AFD2B /* Item.swift in Sources */,
				FAC93FAA20E7CF0E00810FDC /* AppDelegate.swift in Sources */,
				FA7A806A20F63527003AE76A /* SwipeTableViewController.swift in Sources */,
				FA9C9BFC20F04E58001AFD2B /* Category.swift in Sources */,
			);
			runOnlyForDeploymentPostprocessing = 0;
		};
/* End PBXSourcesBuildPhase section */

/* Begin PBXVariantGroup section */
		FAC93FAD20E7CF0E00810FDC /* Main.storyboard */ = {
			isa = PBXVariantGroup;
			children = (
				FAC93FAE20E7CF0E00810FDC /* Base */,
			);
			name = Main.storyboard;
			sourceTree = "<group>";
		};
		FAC93FB220E7CF1400810FDC /* LaunchScreen.storyboard */ = {
			isa = PBXVariantGroup;
			children = (
				FAC93FB320E7CF1400810FDC /* Base */,
			);
			name = LaunchScreen.storyboard;
			sourceTree = "<group>";
		};
/* End PBXVariantGroup section */

/* Begin XCBuildConfiguration section */
		FAC93FB620E7CF1400810FDC /* Debug */ = {
			isa = XCBuildConfiguration;
			buildSettings = {
				ALWAYS_SEARCH_USER_PATHS = NO;
				CLANG_ANALYZER_NONNULL = YES;
				CLANG_ANALYZER_NUMBER_OBJECT_CONVERSION = YES_AGGRESSIVE;
				CLANG_CXX_LANGUAGE_STANDARD = "gnu++14";
				CLANG_CXX_LIBRARY = "libc++";
				CLANG_ENABLE_MODULES = YES;
				CLANG_ENABLE_OBJC_ARC = YES;
				CLANG_ENABLE_OBJC_WEAK = YES;
				CLANG_WARN_BLOCK_CAPTURE_AUTORELEASING = YES;
				CLANG_WARN_BOOL_CONVERSION = YES;
				CLANG_WARN_COMMA = YES;
				CLANG_WARN_CONSTANT_CONVERSION = YES;
				CLANG_WARN_DEPRECATED_OBJC_IMPLEMENTATIONS = YES;
				CLANG_WARN_DIRECT_OBJC_ISA_USAGE = YES_ERROR;
				CLANG_WARN_DOCUMENTATION_COMMENTS = YES;
				CLANG_WARN_EMPTY_BODY = YES;
				CLANG_WARN_ENUM_CONVERSION = YES;
				CLANG_WARN_INFINITE_RECURSION = YES;
				CLANG_WARN_INT_CONVERSION = YES;
				CLANG_WARN_NON_LITERAL_NULL_CONVERSION = YES;
				CLANG_WARN_OBJC_IMPLICIT_RETAIN_SELF = YES;
				CLANG_WARN_OBJC_LITERAL_CONVERSION = YES;
				CLANG_WARN_OBJC_ROOT_CLASS = YES_ERROR;
				CLANG_WARN_RANGE_LOOP_ANALYSIS = YES;
				CLANG_WARN_STRICT_PROTOTYPES = YES;
				CLANG_WARN_SUSPICIOUS_MOVE = YES;
				CLANG_WARN_UNGUARDED_AVAILABILITY = YES_AGGRESSIVE;
				CLANG_WARN_UNREACHABLE_CODE = YES;
				CLANG_WARN__DUPLICATE_METHOD_MATCH = YES;
				CODE_SIGN_IDENTITY = "iPhone Developer";
				COPY_PHASE_STRIP = NO;
				DEBUG_INFORMATION_FORMAT = dwarf;
				ENABLE_STRICT_OBJC_MSGSEND = YES;
				ENABLE_TESTABILITY = YES;
				GCC_C_LANGUAGE_STANDARD = gnu11;
				GCC_DYNAMIC_NO_PIC = NO;
				GCC_NO_COMMON_BLOCKS = YES;
				GCC_OPTIMIZATION_LEVEL = 0;
				GCC_PREPROCESSOR_DEFINITIONS = (
					"DEBUG=1",
					"$(inherited)",
				);
				GCC_WARN_64_TO_32_BIT_CONVERSION = YES;
				GCC_WARN_ABOUT_RETURN_TYPE = YES_ERROR;
				GCC_WARN_UNDECLARED_SELECTOR = YES;
				GCC_WARN_UNINITIALIZED_AUTOS = YES_AGGRESSIVE;
				GCC_WARN_UNUSED_FUNCTION = YES;
				GCC_WARN_UNUSED_VARIABLE = YES;
				IPHONEOS_DEPLOYMENT_TARGET = 11.4;
				MTL_ENABLE_DEBUG_INFO = YES;
				ONLY_ACTIVE_ARCH = YES;
				SDKROOT = iphoneos;
				SWIFT_ACTIVE_COMPILATION_CONDITIONS = DEBUG;
				SWIFT_OPTIMIZATION_LEVEL = "-Onone";
			};
			name = Debug;
		};
		FAC93FB720E7CF1400810FDC /* Release */ = {
			isa = XCBuildConfiguration;
			buildSettings = {
				ALWAYS_SEARCH_USER_PATHS = NO;
				CLANG_ANALYZER_NONNULL = YES;
				CLANG_ANALYZER_NUMBER_OBJECT_CONVERSION = YES_AGGRESSIVE;
				CLANG_CXX_LANGUAGE_STANDARD = "gnu++14";
				CLANG_CXX_LIBRARY = "libc++";
				CLANG_ENABLE_MODULES = YES;
				CLANG_ENABLE_OBJC_ARC = YES;
				CLANG_ENABLE_OBJC_WEAK = YES;
				CLANG_WARN_BLOCK_CAPTURE_AUTORELEASING = YES;
				CLANG_WARN_BOOL_CONVERSION = YES;
				CLANG_WARN_COMMA = YES;
				CLANG_WARN_CONSTANT_CONVERSION = YES;
				CLANG_WARN_DEPRECATED_OBJC_IMPLEMENTATIONS = YES;
				CLANG_WARN_DIRECT_OBJC_ISA_USAGE = YES_ERROR;
				CLANG_WARN_DOCUMENTATION_COMMENTS = YES;
				CLANG_WARN_EMPTY_BODY = YES;
				CLANG_WARN_ENUM_CONVERSION = YES;
				CLANG_WARN_INFINITE_RECURSION = YES;
				CLANG_WARN_INT_CONVERSION = YES;
				CLANG_WARN_NON_LITERAL_NULL_CONVERSION = YES;
				CLANG_WARN_OBJC_IMPLICIT_RETAIN_SELF = YES;
				CLANG_WARN_OBJC_LITERAL_CONVERSION = YES;
				CLANG_WARN_OBJC_ROOT_CLASS = YES_ERROR;
				CLANG_WARN_RANGE_LOOP_ANALYSIS = YES;
				CLANG_WARN_STRICT_PROTOTYPES = YES;
				CLANG_WARN_SUSPICIOUS_MOVE = YES;
				CLANG_WARN_UNGUARDED_AVAILABILITY = YES_AGGRESSIVE;
				CLANG_WARN_UNREACHABLE_CODE = YES;
				CLANG_WARN__DUPLICATE_METHOD_MATCH = YES;
				CODE_SIGN_IDENTITY = "iPhone Developer";
				COPY_PHASE_STRIP = NO;
				DEBUG_INFORMATION_FORMAT = "dwarf-with-dsym";
				ENABLE_NS_ASSERTIONS = NO;
				ENABLE_STRICT_OBJC_MSGSEND = YES;
				GCC_C_LANGUAGE_STANDARD = gnu11;
				GCC_NO_COMMON_BLOCKS = YES;
				GCC_WARN_64_TO_32_BIT_CONVERSION = YES;
				GCC_WARN_ABOUT_RETURN_TYPE = YES_ERROR;
				GCC_WARN_UNDECLARED_SELECTOR = YES;
				GCC_WARN_UNINITIALIZED_AUTOS = YES_AGGRESSIVE;
				GCC_WARN_UNUSED_FUNCTION = YES;
				GCC_WARN_UNUSED_VARIABLE = YES;
				IPHONEOS_DEPLOYMENT_TARGET = 11.4;
				MTL_ENABLE_DEBUG_INFO = NO;
				SDKROOT = iphoneos;
				SWIFT_COMPILATION_MODE = wholemodule;
				SWIFT_OPTIMIZATION_LEVEL = "-O";
				VALIDATE_PRODUCT = YES;
			};
			name = Release;
		};
		FAC93FB920E7CF1400810FDC /* Debug */ = {
			isa = XCBuildConfiguration;
			baseConfigurationReference = 8C7050EE5011E3F69AAB3857 /* Pods-Todoey.debug.xcconfig */;
			buildSettings = {
				ASSETCATALOG_COMPILER_APPICON_NAME = AppIcon;
				CODE_SIGN_STYLE = Automatic;
				DEVELOPMENT_TEAM = J32DGD8ZVT;
				INFOPLIST_FILE = Todoey/Info.plist;
				LD_RUNPATH_SEARCH_PATHS = (
					"$(inherited)",
					"@executable_path/Frameworks",
				);
				PRODUCT_BUNDLE_IDENTIFIER = com.Briantruong.Todoey;
				PRODUCT_NAME = "$(TARGET_NAME)";
				SWIFT_VERSION = 4.0;
				TARGETED_DEVICE_FAMILY = "1,2";
			};
			name = Debug;
		};
		FAC93FBA20E7CF1400810FDC /* Release */ = {
			isa = XCBuildConfiguration;
			baseConfigurationReference = C4859B22E24C2FE1154DCECC /* Pods-Todoey.release.xcconfig */;
			buildSettings = {
				ASSETCATALOG_COMPILER_APPICON_NAME = AppIcon;
				CODE_SIGN_STYLE = Automatic;
				DEVELOPMENT_TEAM = J32DGD8ZVT;
				INFOPLIST_FILE = Todoey/Info.plist;
				LD_RUNPATH_SEARCH_PATHS = (
					"$(inherited)",
					"@executable_path/Frameworks",
				);
				PRODUCT_BUNDLE_IDENTIFIER = com.Briantruong.Todoey;
				PRODUCT_NAME = "$(TARGET_NAME)";
				SWIFT_VERSION = 4.0;
				TARGETED_DEVICE_FAMILY = "1,2";
			};
			name = Release;
		};
/* End XCBuildConfiguration section */

/* Begin XCConfigurationList section */
		FAC93FA120E7CF0E00810FDC /* Build configuration list for PBXProject "Todoey" */ = {
			isa = XCConfigurationList;
			buildConfigurations = (
				FAC93FB620E7CF1400810FDC /* Debug */,
				FAC93FB720E7CF1400810FDC /* Release */,
			);
			defaultConfigurationIsVisible = 0;
			defaultConfigurationName = Release;
		};
		FAC93FB820E7CF1400810FDC /* Build configuration list for PBXNativeTarget "Todoey" */ = {
			isa = XCConfigurationList;
			buildConfigurations = (
				FAC93FB920E7CF1400810FDC /* Debug */,
				FAC93FBA20E7CF1400810FDC /* Release */,
			);
			defaultConfigurationIsVisible = 0;
			defaultConfigurationName = Release;
		};
/* End XCConfigurationList section */
	};
	rootObject = FAC93F9E20E7CF0E00810FDC /* Project object */;
}
